<?xml version="1.0" encoding="utf-8"?>
<Project ToolsVersion="4.0" xmlns="http://schemas.microsoft.com/developer/msbuild/2003">
  <ItemGroup>
    <Filter Include="源文件">
      <UniqueIdentifier>{4FC737F1-C7A5-4376-A066-2A32D752A2FF}</UniqueIdentifier>
      <Extensions>cpp;c;cc;cxx;def;odl;idl;hpj;bat;asm;asmx</Extensions>
    </Filter>
    <Filter Include="头文件">
      <UniqueIdentifier>{93995380-89BD-4b04-88EB-625FBE52EBFB}</UniqueIdentifier>
      <Extensions>h;hh;hpp;hxx;hm;inl;inc;xsd</Extensions>
    </Filter>
    <Filter Include="资源文件">
      <UniqueIdentifier>{67DA6AB6-F800-4c08-8B7A-83BB121AAD01}</UniqueIdentifier>
      <Extensions>rc;ico;cur;bmp;dlg;rc2;rct;bin;rgs;gif;jpg;jpeg;jpe;resx;tiff;tif;png;wav;mfcribbon-ms</Extensions>
    </Filter>
  </ItemGroup>
  <ItemGroup>
    <Text Include="ReadMe.txt" />
  </ItemGroup>
  <ItemGroup>
    <ClInclude Include="MFCApplication3.h">
      <Filter>头文件</Filter>
    </ClInclude>
    <ClInclude Include="MFCApplication3Dlg.h">
      <Filter>头文件</Filter>
    </ClInclude>
    <ClInclude Include="stdafx.h">
      <Filter>头文件</Filter>
    </ClInclude>
    <ClInclude Include="targetver.h">
      <Filter>头文件</Filter>
    </ClInclude>
    <ClInclude Include="Resource.h">
      <Filter>头文件</Filter>
    </ClInclude>
    <ClInclude Include="DataBaseAccessor.h">
      <Filter>头文件</Filter>
    </ClInclude>
    <ClInclude Include="CommonFunctions.h">
      <Filter>头文件</Filter>
    </ClInclude>
    <ClInclude Include="Singleton.h">
      <Filter>头文件</Filter>
    </ClInclude>
    <ClInclude Include="CommonVariables.h">
      <Filter>头文件</Filter>
    </ClInclude>
    <ClInclude Include="MainXX.h">
      <Filter>头文件</Filter>
    </ClInclude>
    <ClInclude Include="TQ_Main.h">
      <Filter>头文件</Filter>
    </ClInclude>
    <ClInclude Include="WebServiceClient.h">
      <Filter>头文件</Filter>
    </ClInclude>
    <ClInclude Include="GetTinyXmlDocument.h">
      <Filter>头文件</Filter>
    </ClInclude>
    <ClInclude Include="FriendListDlg.h">
      <Filter>头文件</Filter>
    </ClInclude>
    <ClInclude Include="FriendItem.h">
      <Filter>头文件</Filter>
    </ClInclude>
    <ClInclude Include="ViewTree.h">
      <Filter>头文件</Filter>
    </ClInclude>
    <ClInclude Include="ConversationDlg.h">
      <Filter>头文件</Filter>
    </ClInclude>
    <ClInclude Include="DealWithReceiveMessage.h">
      <Filter>头文件</Filter>
    </ClInclude>
    <ClInclude Include="ThreadPool.h">
      <Filter>头文件</Filter>
    </ClInclude>
    <ClInclude Include="MaosenQueue.h">
      <Filter>头文件</Filter>
    </ClInclude>
  </ItemGroup>
  <ItemGroup>
    <ClCompile Include="MFCApplication3.cpp">
      <Filter>源文件</Filter>
    </ClCompile>
    <ClCompile Include="MFCApplication3Dlg.cpp">
      <Filter>源文件</Filter>
    </ClCompile>
    <ClCompile Include="stdafx.cpp">
      <Filter>源文件</Filter>
    </ClCompile>
    <ClCompile Include="DataBaseAccessor.cpp">
      <Filter>源文件</Filter>
    </ClCompile>
    <ClCompile Include="CommonFunctions.cpp">
      <Filter>源文件</Filter>
    </ClCompile>
    <ClCompile Include="Singleton.cpp">
      <Filter>源文件</Filter>
    </ClCompile>
    <ClCompile Include="CommonVariables.cpp">
      <Filter>源文件</Filter>
    </ClCompile>
    <ClCompile Include="MainXX.cpp">
      <Filter>源文件</Filter>
    </ClCompile>
    <ClCompile Include="TQ_Main.cpp">
      <Filter>源文件</Filter>
    </ClCompile>
    <ClCompile Include="WebServiceClient.cpp">
      <Filter>源文件</Filter>
    </ClCompile>
    <ClCompile Include="GetTinyXmlDocument.cpp">
      <Filter>源文件</Filter>
    </ClCompile>
    <ClCompile Include="FriendListDlg.cpp">
      <Filter>源文件</Filter>
    </ClCompile>
    <ClCompile Include="FriendItem.cpp">
      <Filter>源文件</Filter>
    </ClCompile>
    <ClCompile Include="ViewTree.cpp">
      <Filter>源文件</Filter>
    </ClCompile>
    <ClCompile Include="ConversationDlg.cpp">
      <Filter>源文件</Filter>
    </ClCompile>
    <ClCompile Include="DealWithReceiveMessage.cpp">
      <Filter>源文件</Filter>
    </ClCompile>
    <ClCompile Include="ThreadPool.cpp">
      <Filter>源文件</Filter>
    </ClCompile>
    <ClCompile Include="MaosenQueue.cpp">
      <Filter>源文件</Filter>
    </ClCompile>
  </ItemGroup>
  <ItemGroup>
    <ResourceCompile Include="MFCApplication3.rc">
      <Filter>资源文件</Filter>
    </ResourceCompile>
  </ItemGroup>
  <ItemGroup>
    <None Include="res\MFCApplication3.rc2">
      <Filter>资源文件</Filter>
    </None>
    <None Include="ClassDiagram.cd" />
  </ItemGroup>
  <ItemGroup>
    <Image Include="res\MFCApplication3.ico">
      <Filter>资源文件</Filter>
    </Image>
    <Image Include="res\icon1.ico">
      <Filter>资源文件</Filter>
    </Image>
    <Image Include="res\icon2.ico">
      <Filter>资源文件</Filter>
    </Image>
    <Image Include="res\Item.bmp">
      <Filter>资源文件</Filter>
    </Image>
    <Image Include="res\Item_Selected.bmp">
      <Filter>资源文件</Filter>
    </Image>
  </ItemGroup>
</Project>